
Microsoft Visual Studio Solution File, Format Version 12.00
# Visual Studio Version 16
VisualStudioVersion = 16.0.30621.155
MinimumVisualStudioVersion = 10.0.40219.1
Project("{9A19103F-16F7-4668-BE54-9A1E7A4F7556}") = "StarWars.API", "StarWars.API\StarWars.API.csproj", "{5D4E26D3-9D58-4871-9BC6-E64055E30E7D}"
EndProject
Project("{9A19103F-16F7-4668-BE54-9A1E7A4F7556}") = "StarWars.DataAccess", "StarWars.DataAccess\StarWars.DataAccess.csproj", "{7475CA8B-3D04-47B4-B226-537660167B21}"
EndProject
Project("{9A19103F-16F7-4668-BE54-9A1E7A4F7556}") = "StarWars.Services", "StarWars.Services\StarWars.Services.csproj", "{A721F4FF-731D-4220-A542-5E04DE8E3FF3}"
EndProject
Project("{9A19103F-16F7-4668-BE54-9A1E7A4F7556}") = "StarWars.Common", "StarWars.Common\StarWars.Common.csproj", "{A736F6C1-F30A-4ACC-8321-788898ADC910}"
EndProject
Project("{2150E333-8FDC-42A3-9474-1A3956D46DE8}") = "Tests", "Tests", "{A67923C5-AA88-407C-8F46-4DDF6F1DB9DD}"
EndProject
Project("{9A19103F-16F7-4668-BE54-9A1E7A4F7556}") = "StarWars.Common.Tests", "Tests\StarWars.Common.Tests\StarWars.Common.Tests.csproj", "{6318E394-8B56-4853-B4A2-29816E6D591F}"
EndProject
Project("{FAE04EC0-301F-11D3-BF4B-00C04F79EFBC}") = "StarWars.Services.Tests", "Tests\StarWars.Services.Tests\StarWars.Services.Tests.csproj", "{6786EF64-C53C-45E0-BBF1-87F84ADFE35F}"
EndProject
Project("{FAE04EC0-301F-11D3-BF4B-00C04F79EFBC}") = "StarWars.API.IntegrationTests", "Tests\StarWars.API.IntegrationTests\StarWars.API.IntegrationTests.csproj", "{97F8054F-235A-41CB-BAE0-B61AF465F14C}"
EndProject
Global
	GlobalSection(SolutionConfigurationPlatforms) = preSolution
		Debug|Any CPU = Debug|Any CPU
		Release|Any CPU = Release|Any CPU
	EndGlobalSection
	GlobalSection(ProjectConfigurationPlatforms) = postSolution
		{5D4E26D3-9D58-4871-9BC6-E64055E30E7D}.Debug|Any CPU.ActiveCfg = Debug|Any CPU
		{5D4E26D3-9D58-4871-9BC6-E64055E30E7D}.Debug|Any CPU.Build.0 = Debug|Any CPU
		{5D4E26D3-9D58-4871-9BC6-E64055E30E7D}.Release|Any CPU.ActiveCfg = Release|Any CPU
		{5D4E26D3-9D58-4871-9BC6-E64055E30E7D}.Release|Any CPU.Build.0 = Release|Any CPU
		{7475CA8B-3D04-47B4-B226-537660167B21}.Debug|Any CPU.ActiveCfg = Debug|Any CPU
		{7475CA8B-3D04-47B4-B226-537660167B21}.Debug|Any CPU.Build.0 = Debug|Any CPU
		{7475CA8B-3D04-47B4-B226-537660167B21}.Release|Any CPU.ActiveCfg = Release|Any CPU
		{7475CA8B-3D04-47B4-B226-537660167B21}.Release|Any CPU.Build.0 = Release|Any CPU
		{A721F4FF-731D-4220-A542-5E04DE8E3FF3}.Debug|Any CPU.ActiveCfg = Debug|Any CPU
		{A721F4FF-731D-4220-A542-5E04DE8E3FF3}.Debug|Any CPU.Build.0 = Debug|Any CPU
		{A721F4FF-731D-4220-A542-5E04DE8E3FF3}.Release|Any CPU.ActiveCfg = Release|Any CPU
		{A721F4FF-731D-4220-A542-5E04DE8E3FF3}.Release|Any CPU.Build.0 = Release|Any CPU
		{A736F6C1-F30A-4ACC-8321-788898ADC910}.Debug|Any CPU.ActiveCfg = Debug|Any CPU
		{A736F6C1-F30A-4ACC-8321-788898ADC910}.Debug|Any CPU.Build.0 = Debug|Any CPU
		{A736F6C1-F30A-4ACC-8321-788898ADC910}.Release|Any CPU.ActiveCfg = Release|Any CPU
		{A736F6C1-F30A-4ACC-8321-788898ADC910}.Release|Any CPU.Build.0 = Release|Any CPU
		{6318E394-8B56-4853-B4A2-29816E6D591F}.Debug|Any CPU.ActiveCfg = Debug|Any CPU
		{6318E394-8B56-4853-B4A2-29816E6D591F}.Debug|Any CPU.Build.0 = Debug|Any CPU
		{6318E394-8B56-4853-B4A2-29816E6D591F}.Release|Any CPU.ActiveCfg = Release|Any CPU
		{6318E394-8B56-4853-B4A2-29816E6D591F}.Release|Any CPU.Build.0 = Release|Any CPU
		{6786EF64-C53C-45E0-BBF1-87F84ADFE35F}.Debug|Any CPU.ActiveCfg = Debug|Any CPU
		{6786EF64-C53C-45E0-BBF1-87F84ADFE35F}.Debug|Any CPU.Build.0 = Debug|Any CPU
		{6786EF64-C53C-45E0-BBF1-87F84ADFE35F}.Release|Any CPU.ActiveCfg = Release|Any CPU
		{6786EF64-C53C-45E0-BBF1-87F84ADFE35F}.Release|Any CPU.Build.0 = Release|Any CPU
		{97F8054F-235A-41CB-BAE0-B61AF465F14C}.Debug|Any CPU.ActiveCfg = Debug|Any CPU
		{97F8054F-235A-41CB-BAE0-B61AF465F14C}.Debug|Any CPU.Build.0 = Debug|Any CPU
		{97F8054F-235A-41CB-BAE0-B61AF465F14C}.Release|Any CPU.ActiveCfg = Release|Any CPU
		{97F8054F-235A-41CB-BAE0-B61AF465F14C}.Release|Any CPU.Build.0 = Release|Any CPU
	EndGlobalSection
	GlobalSection(SolutionProperties) = preSolution
		HideSolutionNode = FALSE
	EndGlobalSection
	GlobalSection(NestedProjects) = preSolution
		{6318E394-8B56-4853-B4A2-29816E6D591F} = {A67923C5-AA88-407C-8F46-4DDF6F1DB9DD}
		{6786EF64-C53C-45E0-BBF1-87F84ADFE35F} = {A67923C5-AA88-407C-8F46-4DDF6F1DB9DD}
		{97F8054F-235A-41CB-BAE0-B61AF465F14C} = {A67923C5-AA88-407C-8F46-4DDF6F1DB9DD}
	EndGlobalSection
	GlobalSection(ExtensibilityGlobals) = postSolution
		SolutionGuid = {9724EA0A-7CBA-4DB7-9922-FACEBFD19ADA}
	EndGlobalSection
EndGlobal
